
Microsoft Visual Studio Solution File, Format Version 12.00
# Visual Studio Version 16
VisualStudioVersion = 16.0.33328.57
MinimumVisualStudioVersion = 10.0.40219.1
Project("{F184B08F-C81C-45F6-A57F-5ABD9991F28F}") = "smartHome", "smartHome.vbproj", "{A2BDEAFB-F7CE-4B06-9E56-601CAE884E07}"
EndProject
Global
	GlobalSection(SolutionConfigurationPlatforms) = preSolution
		Debug|Any CPU = Debug|Any CPU
		Release|Any CPU = Release|Any CPU
	EndGlobalSection
	GlobalSection(ProjectConfigurationPlatforms) = postSolution
		{A2BDEAFB-F7CE-4B06-9E56-601CAE884E07}.Debug|Any CPU.ActiveCfg = Debug|Any CPU
		{A2BDEAFB-F7CE-4B06-9E56-601CAE884E07}.Debug|Any CPU.Build.0 = Debug|Any CPU
		{A2BDEAFB-F7CE-4B06-9E56-601CAE884E07}.Release|Any CPU.ActiveCfg = Release|Any CPU
		{A2BDEAFB-F7CE-4B06-9E56-601CAE884E07}.Release|Any CPU.Build.0 = Release|Any CPU
	EndGlobalSection
	GlobalSection(SolutionProperties) = preSolution
		HideSolutionNode = FALSE
	EndGlobalSection
	GlobalSection(ExtensibilityGlobals) = postSolution
		SolutionGuid = {BA4576F4-89BF-45E1-ADE4-59D9C1E0A405}
	EndGlobalSection
EndGlobal
